
Microsoft Visual Studio Solution File, Format Version 12.00
# Visual Studio Version 17
VisualStudioVersion = 17.4.33213.308
MinimumVisualStudioVersion = 10.0.40219.1
Project("{FAE04EC0-301F-11D3-BF4B-00C04F79EFBC}") = "SWHarden Console Frequency", "SWHarden Console Frequency.csproj", "{E995222D-11FE-40AF-8514-BAFC63F3E09C}"
EndProject
Global
	GlobalSection(SolutionConfigurationPlatforms) = preSolution
		Debug|Any CPU = Debug|Any CPU
		Release|Any CPU = Release|Any CPU
	EndGlobalSection
	GlobalSection(ProjectConfigurationPlatforms) = postSolution
		{E995222D-11FE-40AF-8514-BAFC63F3E09C}.Debug|Any CPU.ActiveCfg = Debug|Any CPU
		{E995222D-11FE-40AF-8514-BAFC63F3E09C}.Debug|Any CPU.Build.0 = Debug|Any CPU
		{E995222D-11FE-40AF-8514-BAFC63F3E09C}.Release|Any CPU.ActiveCfg = Release|Any CPU
		{E995222D-11FE-40AF-8514-BAFC63F3E09C}.Release|Any CPU.Build.0 = Release|Any CPU
	EndGlobalSection
	GlobalSection(SolutionProperties) = preSolution
		HideSolutionNode = FALSE
	EndGlobalSection
	GlobalSection(ExtensibilityGlobals) = postSolution
		SolutionGuid = {55705A3D-1835-439D-A615-1A999DC204F8}
	EndGlobalSection
EndGlobal
