
Microsoft Visual Studio Solution File, Format Version 12.00
# Visual Studio Version 17
VisualStudioVersion = 17.4.33213.308
MinimumVisualStudioVersion = 10.0.40219.1
Project("{FAE04EC0-301F-11D3-BF4B-00C04F79EFBC}") = "SWHarden WPF Frequency", "SWHarden WPF Frequency.csproj", "{D719E085-C495-4EA3-8B3E-7318041769B7}"
EndProject
Global
	GlobalSection(SolutionConfigurationPlatforms) = preSolution
		Debug|Any CPU = Debug|Any CPU
		Release|Any CPU = Release|Any CPU
	EndGlobalSection
	GlobalSection(ProjectConfigurationPlatforms) = postSolution
		{D719E085-C495-4EA3-8B3E-7318041769B7}.Debug|Any CPU.ActiveCfg = Debug|Any CPU
		{D719E085-C495-4EA3-8B3E-7318041769B7}.Debug|Any CPU.Build.0 = Debug|Any CPU
		{D719E085-C495-4EA3-8B3E-7318041769B7}.Release|Any CPU.ActiveCfg = Release|Any CPU
		{D719E085-C495-4EA3-8B3E-7318041769B7}.Release|Any CPU.Build.0 = Release|Any CPU
	EndGlobalSection
	GlobalSection(SolutionProperties) = preSolution
		HideSolutionNode = FALSE
	EndGlobalSection
	GlobalSection(ExtensibilityGlobals) = postSolution
		SolutionGuid = {55F63BEB-6F2B-43AF-848B-ADB3627352A5}
	EndGlobalSection
EndGlobal
